
Microsoft Visual Studio Solution File, Format Version 12.00
# Visual Studio Version 16
VisualStudioVersion = 16.0.34407.143
MinimumVisualStudioVersion = 10.0.40219.1
Project("{FAE04EC0-301F-11D3-BF4B-00C04F79EFBC}") = "MyHybridSite", "MyHybridSite.csproj", "{B9EAAF7F-0CA9-4D0F-A378-22B74759DD38}"
EndProject
Global
	GlobalSection(SolutionConfigurationPlatforms) = preSolution
		Debug|Any CPU = Debug|Any CPU
		Release|Any CPU = Release|Any CPU
	EndGlobalSection
	GlobalSection(ProjectConfigurationPlatforms) = postSolution
		{B9EAAF7F-0CA9-4D0F-A378-22B74759DD38}.Debug|Any CPU.ActiveCfg = Debug|Any CPU
		{B9EAAF7F-0CA9-4D0F-A378-22B74759DD38}.Debug|Any CPU.Build.0 = Debug|Any CPU
		{B9EAAF7F-0CA9-4D0F-A378-22B74759DD38}.Release|Any CPU.ActiveCfg = Release|Any CPU
		{B9EAAF7F-0CA9-4D0F-A378-22B74759DD38}.Release|Any CPU.Build.0 = Release|Any CPU
	EndGlobalSection
	GlobalSection(SolutionProperties) = preSolution
		HideSolutionNode = FALSE
	EndGlobalSection
	GlobalSection(ExtensibilityGlobals) = postSolution
		SolutionGuid = {96697276-2666-4350-BF14-990ED834A38D}
	EndGlobalSection
EndGlobal
